
Microsoft Visual Studio Solution File, Format Version 12.00
# Visual Studio Version 17
VisualStudioVersion = 17.5.33414.496
MinimumVisualStudioVersion = 10.0.40219.1
Project("{8BC9CEB8-8B4A-11D0-8D11-00A0C91BC942}") = "Project6.2", "Project6.2\Project6.2.vcxproj", "{6CAEF166-C853-4B84-9C3A-660FF7C7A92F}"
EndProject
Project("{8BC9CEB8-8B4A-11D0-8D11-00A0C91BC942}") = "UnitTest6.2", "UnitTest6.2\UnitTest6.2.vcxproj", "{C1BEAD39-06DE-4CEC-84FE-7FB91E2CEA17}"
EndProject
Global
	GlobalSection(SolutionConfigurationPlatforms) = preSolution
		Debug|x64 = Debug|x64
		Debug|x86 = Debug|x86
		Release|x64 = Release|x64
		Release|x86 = Release|x86
	EndGlobalSection
	GlobalSection(ProjectConfigurationPlatforms) = postSolution
		{6CAEF166-C853-4B84-9C3A-660FF7C7A92F}.Debug|x64.ActiveCfg = Debug|x64
		{6CAEF166-C853-4B84-9C3A-660FF7C7A92F}.Debug|x64.Build.0 = Debug|x64
		{6CAEF166-C853-4B84-9C3A-660FF7C7A92F}.Debug|x86.ActiveCfg = Debug|Win32
		{6CAEF166-C853-4B84-9C3A-660FF7C7A92F}.Debug|x86.Build.0 = Debug|Win32
		{6CAEF166-C853-4B84-9C3A-660FF7C7A92F}.Release|x64.ActiveCfg = Release|x64
		{6CAEF166-C853-4B84-9C3A-660FF7C7A92F}.Release|x64.Build.0 = Release|x64
		{6CAEF166-C853-4B84-9C3A-660FF7C7A92F}.Release|x86.ActiveCfg = Release|Win32
		{6CAEF166-C853-4B84-9C3A-660FF7C7A92F}.Release|x86.Build.0 = Release|Win32
		{C1BEAD39-06DE-4CEC-84FE-7FB91E2CEA17}.Debug|x64.ActiveCfg = Debug|x64
		{C1BEAD39-06DE-4CEC-84FE-7FB91E2CEA17}.Debug|x64.Build.0 = Debug|x64
		{C1BEAD39-06DE-4CEC-84FE-7FB91E2CEA17}.Debug|x86.ActiveCfg = Debug|Win32
		{C1BEAD39-06DE-4CEC-84FE-7FB91E2CEA17}.Debug|x86.Build.0 = Debug|Win32
		{C1BEAD39-06DE-4CEC-84FE-7FB91E2CEA17}.Release|x64.ActiveCfg = Release|x64
		{C1BEAD39-06DE-4CEC-84FE-7FB91E2CEA17}.Release|x64.Build.0 = Release|x64
		{C1BEAD39-06DE-4CEC-84FE-7FB91E2CEA17}.Release|x86.ActiveCfg = Release|Win32
		{C1BEAD39-06DE-4CEC-84FE-7FB91E2CEA17}.Release|x86.Build.0 = Release|Win32
	EndGlobalSection
	GlobalSection(SolutionProperties) = preSolution
		HideSolutionNode = FALSE
	EndGlobalSection
	GlobalSection(ExtensibilityGlobals) = postSolution
		SolutionGuid = {2A20F954-7CE0-43BF-B554-A7AD08E9B932}
	EndGlobalSection
EndGlobal
