
Microsoft Visual Studio Solution File, Format Version 12.00
# Visual Studio Version 17
VisualStudioVersion = 17.5.33414.496
MinimumVisualStudioVersion = 10.0.40219.1
Project("{8BC9CEB8-8B4A-11D0-8D11-00A0C91BC942}") = "Project5.3", "Project5.3\Project5.3.vcxproj", "{3458D3F8-D90C-4A55-BC55-9D62B851A110}"
EndProject
Project("{8BC9CEB8-8B4A-11D0-8D11-00A0C91BC942}") = "UnitTest5.3", "UnitTest5.3\UnitTest5.3.vcxproj", "{95ACF531-D2CB-4A6C-87E2-386D415F3CF0}"
EndProject
Global
	GlobalSection(SolutionConfigurationPlatforms) = preSolution
		Debug|x64 = Debug|x64
		Debug|x86 = Debug|x86
		Release|x64 = Release|x64
		Release|x86 = Release|x86
	EndGlobalSection
	GlobalSection(ProjectConfigurationPlatforms) = postSolution
		{3458D3F8-D90C-4A55-BC55-9D62B851A110}.Debug|x64.ActiveCfg = Debug|x64
		{3458D3F8-D90C-4A55-BC55-9D62B851A110}.Debug|x64.Build.0 = Debug|x64
		{3458D3F8-D90C-4A55-BC55-9D62B851A110}.Debug|x86.ActiveCfg = Debug|Win32
		{3458D3F8-D90C-4A55-BC55-9D62B851A110}.Debug|x86.Build.0 = Debug|Win32
		{3458D3F8-D90C-4A55-BC55-9D62B851A110}.Release|x64.ActiveCfg = Release|x64
		{3458D3F8-D90C-4A55-BC55-9D62B851A110}.Release|x64.Build.0 = Release|x64
		{3458D3F8-D90C-4A55-BC55-9D62B851A110}.Release|x86.ActiveCfg = Release|Win32
		{3458D3F8-D90C-4A55-BC55-9D62B851A110}.Release|x86.Build.0 = Release|Win32
		{95ACF531-D2CB-4A6C-87E2-386D415F3CF0}.Debug|x64.ActiveCfg = Debug|x64
		{95ACF531-D2CB-4A6C-87E2-386D415F3CF0}.Debug|x64.Build.0 = Debug|x64
		{95ACF531-D2CB-4A6C-87E2-386D415F3CF0}.Debug|x86.ActiveCfg = Debug|Win32
		{95ACF531-D2CB-4A6C-87E2-386D415F3CF0}.Debug|x86.Build.0 = Debug|Win32
		{95ACF531-D2CB-4A6C-87E2-386D415F3CF0}.Release|x64.ActiveCfg = Release|x64
		{95ACF531-D2CB-4A6C-87E2-386D415F3CF0}.Release|x64.Build.0 = Release|x64
		{95ACF531-D2CB-4A6C-87E2-386D415F3CF0}.Release|x86.ActiveCfg = Release|Win32
		{95ACF531-D2CB-4A6C-87E2-386D415F3CF0}.Release|x86.Build.0 = Release|Win32
	EndGlobalSection
	GlobalSection(SolutionProperties) = preSolution
		HideSolutionNode = FALSE
	EndGlobalSection
	GlobalSection(ExtensibilityGlobals) = postSolution
		SolutionGuid = {B08650C6-ED62-4706-881B-FF42905F186D}
	EndGlobalSection
EndGlobal
